
Microsoft Visual Studio Solution File, Format Version 12.00
# Visual Studio Version 17
VisualStudioVersion = 17.5.33414.496
MinimumVisualStudioVersion = 10.0.40219.1
Project("{FAE04EC0-301F-11D3-BF4B-00C04F79EFBC}") = "CoffeStore.APIs", "CoffeStore.APIs\CoffeStore.APIs.csproj", "{D6A55A14-A3CF-4DAF-8E70-66BED0412D75}"
EndProject
Project("{FAE04EC0-301F-11D3-BF4B-00C04F79EFBC}") = "CoffeStore.Models", "CoffeStore.Models\CoffeStore.Models.csproj", "{D352A90E-E030-46BB-B21C-A4D68CBA03D9}"
EndProject
Global
	GlobalSection(SolutionConfigurationPlatforms) = preSolution
		Debug|Any CPU = Debug|Any CPU
		Release|Any CPU = Release|Any CPU
	EndGlobalSection
	GlobalSection(ProjectConfigurationPlatforms) = postSolution
		{D6A55A14-A3CF-4DAF-8E70-66BED0412D75}.Debug|Any CPU.ActiveCfg = Debug|Any CPU
		{D6A55A14-A3CF-4DAF-8E70-66BED0412D75}.Debug|Any CPU.Build.0 = Debug|Any CPU
		{D6A55A14-A3CF-4DAF-8E70-66BED0412D75}.Release|Any CPU.ActiveCfg = Release|Any CPU
		{D6A55A14-A3CF-4DAF-8E70-66BED0412D75}.Release|Any CPU.Build.0 = Release|Any CPU
		{D352A90E-E030-46BB-B21C-A4D68CBA03D9}.Debug|Any CPU.ActiveCfg = Debug|Any CPU
		{D352A90E-E030-46BB-B21C-A4D68CBA03D9}.Debug|Any CPU.Build.0 = Debug|Any CPU
		{D352A90E-E030-46BB-B21C-A4D68CBA03D9}.Release|Any CPU.ActiveCfg = Release|Any CPU
		{D352A90E-E030-46BB-B21C-A4D68CBA03D9}.Release|Any CPU.Build.0 = Release|Any CPU
	EndGlobalSection
	GlobalSection(SolutionProperties) = preSolution
		HideSolutionNode = FALSE
	EndGlobalSection
	GlobalSection(ExtensibilityGlobals) = postSolution
		SolutionGuid = {298CF989-C13D-4767-A023-FCCA7D3CED2B}
	EndGlobalSection
EndGlobal
